<?xml version="1.0" encoding="utf-8"?>
<Project ToolsVersion="4.0" xmlns="http://schemas.microsoft.com/developer/msbuild/2003">
  <ItemGroup>
    <Filter Include="Source Files">
      <UniqueIdentifier>{4FC737F1-C7A5-4376-A066-2A32D752A2FF}</UniqueIdentifier>
      <Extensions>cpp;c;cc;cxx;def;odl;idl;hpj;bat;asm;asmx</Extensions>
    </Filter>
    <Filter Include="Header Files">
      <UniqueIdentifier>{93995380-89BD-4b04-88EB-625FBE52EBFB}</UniqueIdentifier>
      <Extensions>h;hh;hpp;hxx;hm;inl;inc;ipp;xsd</Extensions>
    </Filter>
    <Filter Include="Resource Files">
      <UniqueIdentifier>{67DA6AB6-F800-4c08-8B7A-83BB121AAD01}</UniqueIdentifier>
      <Extensions>rc;ico;cur;bmp;dlg;rc2;rct;bin;rgs;gif;jpg;jpeg;jpe;resx;tiff;tif;png;wav;mfcribbon-ms</Extensions>
    </Filter>
    <Filter Include="Component">
      <UniqueIdentifier>{0e64d358-bdf0-40b3-b2e1-d2bcfb77d54f}</UniqueIdentifier>
    </Filter>
    <Filter Include="TinyXML">
      <UniqueIdentifier>{583a86c6-40db-49bc-a274-baad0ec09c91}</UniqueIdentifier>
    </Filter>
    <Filter Include="Map">
      <UniqueIdentifier>{fe0442c5-6af5-46b3-bf50-6dba6a8100d6}</UniqueIdentifier>
    </Filter>
    <Filter Include="Object">
      <UniqueIdentifier>{b37b8e9d-3492-460c-920a-8b55e051262e}</UniqueIdentifier>
    </Filter>
    <Filter Include="Sound">
      <UniqueIdentifier>{a99af8f6-e7b2-4e93-9d92-e31336ec64f7}</UniqueIdentifier>
    </Filter>
    <Filter Include="Scene">
      <UniqueIdentifier>{8a7b0747-588e-4569-96e7-2e143a790f0b}</UniqueIdentifier>
    </Filter>
    <Filter Include="Object\Aladdin">
      <UniqueIdentifier>{9a5b2f86-2ac7-43c8-ae0e-d2393eed21e1}</UniqueIdentifier>
    </Filter>
    <Filter Include="Grid">
      <UniqueIdentifier>{1c33aab5-1979-43cf-ba99-afa2728ee211}</UniqueIdentifier>
    </Filter>
  </ItemGroup>
  <ItemGroup>
    <ClInclude Include="resource.h">
      <Filter>Header Files</Filter>
    </ClInclude>
    <ClInclude Include="Collision.h">
      <Filter>Component</Filter>
    </ClInclude>
    <ClInclude Include="Game.h">
      <Filter>Component</Filter>
    </ClInclude>
    <ClInclude Include="GameDefine.h">
      <Filter>Component</Filter>
    </ClInclude>
    <ClInclude Include="Graphic.h">
      <Filter>Component</Filter>
    </ClInclude>
    <ClInclude Include="Keyboard.h">
      <Filter>Component</Filter>
    </ClInclude>
    <ClInclude Include="Mouse.h">
      <Filter>Component</Filter>
    </ClInclude>
    <ClInclude Include="Sprite.h">
      <Filter>Component</Filter>
    </ClInclude>
    <ClInclude Include="Text.h">
      <Filter>Component</Filter>
    </ClInclude>
    <ClInclude Include="TinyXML\tinystr.h">
      <Filter>TinyXML</Filter>
    </ClInclude>
    <ClInclude Include="TinyXML\tinyxml.h">
      <Filter>TinyXML</Filter>
    </ClInclude>
    <ClInclude Include="SpriteSheet.h">
      <Filter>Component</Filter>
    </ClInclude>
    <ClInclude Include="Object.h">
      <Filter>Object</Filter>
    </ClInclude>
    <ClInclude Include="ObjectManager.h">
      <Filter>Object</Filter>
    </ClInclude>
    <ClInclude Include="Scene.h">
      <Filter>Scene</Filter>
    </ClInclude>
    <ClInclude Include="Viewport.h">
      <Filter>Component</Filter>
    </ClInclude>
    <ClInclude Include="Stage.h">
      <Filter>Component</Filter>
    </ClInclude>
    <ClInclude Include="Aladdin.h">
      <Filter>Object\Aladdin</Filter>
    </ClInclude>
    <ClInclude Include="AladinState.h">
      <Filter>Object\Aladdin</Filter>
    </ClInclude>
    <ClInclude Include="AladdinAnimation.h">
      <Filter>Object\Aladdin</Filter>
    </ClInclude>
    <ClInclude Include="Animation.h">
      <Filter>Component</Filter>
    </ClInclude>
    <ClInclude Include="dsutil.h">
      <Filter>Sound</Filter>
    </ClInclude>
    <ClInclude Include="dxutil.h">
      <Filter>Sound</Filter>
    </ClInclude>
    <ClInclude Include="Sound.h">
      <Filter>Sound</Filter>
    </ClInclude>
    <ClInclude Include="Map.h">
      <Filter>Map</Filter>
    </ClInclude>
    <ClInclude Include="TileSet.h">
      <Filter>Map</Filter>
    </ClInclude>
    <ClInclude Include="MapObject.h">
      <Filter>Map</Filter>
    </ClInclude>
    <ClInclude Include="MapObjectGroup.h">
      <Filter>Map</Filter>
    </ClInclude>
    <ClInclude Include="Cell.h">
      <Filter>Grid</Filter>
    </ClInclude>
    <ClInclude Include="Grid.h">
      <Filter>Grid</Filter>
    </ClInclude>
  </ItemGroup>
  <ItemGroup>
    <ResourceCompile Include="Aladin.rc">
      <Filter>Resource Files</Filter>
    </ResourceCompile>
  </ItemGroup>
  <ItemGroup>
    <ClCompile Include="Collision.cpp">
      <Filter>Component</Filter>
    </ClCompile>
    <ClCompile Include="Game.cpp">
      <Filter>Component</Filter>
    </ClCompile>
    <ClCompile Include="Graphic.cpp">
      <Filter>Component</Filter>
    </ClCompile>
    <ClCompile Include="Keyboard.cpp">
      <Filter>Component</Filter>
    </ClCompile>
    <ClCompile Include="Mouse.cpp">
      <Filter>Component</Filter>
    </ClCompile>
    <ClCompile Include="Sprite.cpp">
      <Filter>Component</Filter>
    </ClCompile>
    <ClCompile Include="Text.cpp">
      <Filter>Component</Filter>
    </ClCompile>
    <ClCompile Include="WinMain.cpp">
      <Filter>Component</Filter>
    </ClCompile>
    <ClCompile Include="TinyXML\tinystr.cpp">
      <Filter>TinyXML</Filter>
    </ClCompile>
    <ClCompile Include="TinyXML\tinyxml.cpp">
      <Filter>TinyXML</Filter>
    </ClCompile>
    <ClCompile Include="TinyXML\tinyxmlerror.cpp">
      <Filter>TinyXML</Filter>
    </ClCompile>
    <ClCompile Include="TinyXML\tinyxmlparser.cpp">
      <Filter>TinyXML</Filter>
    </ClCompile>
    <ClCompile Include="SpriteSheet.cpp">
      <Filter>Component</Filter>
    </ClCompile>
    <ClCompile Include="Object.cpp">
      <Filter>Object</Filter>
    </ClCompile>
    <ClCompile Include="ObjectManager.cpp">
      <Filter>Object</Filter>
    </ClCompile>
    <ClCompile Include="Scene.cpp">
      <Filter>Scene</Filter>
    </ClCompile>
    <ClCompile Include="Viewport.cpp">
      <Filter>Component</Filter>
    </ClCompile>
    <ClCompile Include="Stage.cpp">
      <Filter>Component</Filter>
    </ClCompile>
    <ClCompile Include="Aladdin.cpp">
      <Filter>Object\Aladdin</Filter>
    </ClCompile>
    <ClCompile Include="AladdinAnimation.cpp">
      <Filter>Object\Aladdin</Filter>
    </ClCompile>
    <ClCompile Include="AladinState.cpp">
      <Filter>Object\Aladdin</Filter>
    </ClCompile>
    <ClCompile Include="Animation.cpp">
      <Filter>Component</Filter>
    </ClCompile>
    <ClCompile Include="dsutil.cpp">
      <Filter>Sound</Filter>
    </ClCompile>
    <ClCompile Include="Sound.cpp">
      <Filter>Sound</Filter>
    </ClCompile>
    <ClCompile Include="Map.cpp">
      <Filter>Map</Filter>
    </ClCompile>
    <ClCompile Include="TileSet.cpp">
      <Filter>Map</Filter>
    </ClCompile>
    <ClCompile Include="MapObject.cpp">
      <Filter>Map</Filter>
    </ClCompile>
    <ClCompile Include="MapObjectGroup.cpp">
      <Filter>Map</Filter>
    </ClCompile>
    <ClCompile Include="Cell.cpp">
      <Filter>Grid</Filter>
    </ClCompile>
    <ClCompile Include="Grid.cpp">
      <Filter>Grid</Filter>
    </ClCompile>
  </ItemGroup>
  <ItemGroup>
    <Media Include="AbuWaving.wav">
      <Filter>Resource Files</Filter>
    </Media>
  </ItemGroup>
</Project>